
Microsoft Visual Studio Solution File, Format Version 12.00
# Visual Studio Version 17
VisualStudioVersion = 17.10.35013.160
MinimumVisualStudioVersion = 10.0.40219.1
Project("{FAE04EC0-301F-11D3-BF4B-00C04F79EFBC}") = "SteamGraphsWebApp", "SteamGraphsWebApp.csproj", "{05E8F60E-290D-4F35-90EF-86DE02AB0B59}"
EndProject
Global
	GlobalSection(SolutionConfigurationPlatforms) = preSolution
		Debug|Any CPU = Debug|Any CPU
		Release|Any CPU = Release|Any CPU
	EndGlobalSection
	GlobalSection(ProjectConfigurationPlatforms) = postSolution
		{05E8F60E-290D-4F35-90EF-86DE02AB0B59}.Debug|Any CPU.ActiveCfg = Debug|Any CPU
		{05E8F60E-290D-4F35-90EF-86DE02AB0B59}.Debug|Any CPU.Build.0 = Debug|Any CPU
		{05E8F60E-290D-4F35-90EF-86DE02AB0B59}.Release|Any CPU.ActiveCfg = Release|Any CPU
		{05E8F60E-290D-4F35-90EF-86DE02AB0B59}.Release|Any CPU.Build.0 = Release|Any CPU
	EndGlobalSection
	GlobalSection(SolutionProperties) = preSolution
		HideSolutionNode = FALSE
	EndGlobalSection
	GlobalSection(ExtensibilityGlobals) = postSolution
		SolutionGuid = {38B4D807-AF0A-45FD-A20C-2FDBDBD4AD72}
	EndGlobalSection
EndGlobal
